{
  "name": "@immers-space/oauth2orize-jwt-bearer",
  "version": "0.1.0",
  "lockfileVersion": 2,
  "requires": true,
  "packages": {
    "": {
      "name": "@immers-space/oauth2orize-jwt-bearer",
      "version": "0.1.0",
      "dependencies": {
        "pkginfo": "0.2.x"
      },
      "devDependencies": {
        "vows": "0.6.x"
      },
      "engines": {
        "node": ">= 0.4.0"
      }
    },
    "node_modules/diff": {
      "version": "1.0.8",
      "resolved": "https://registry.npmjs.org/diff/-/diff-1.0.8.tgz",
      "integrity": "sha512-1zEb73vemXFpUmfh3fsta4YHz3lwebxXvaWmPbFv9apujQBWDnkrPDLXLQs1gZo4RCWMDsT89r0Pf/z8/02TGA==",
      "dev": true,
      "engines": {
        "node": ">=0.3.1"
      }
    },
    "node_modules/eyes": {
      "version": "0.1.8",
      "resolved": "https://registry.npmjs.org/eyes/-/eyes-0.1.8.tgz",
      "integrity": "sha512-GipyPsXO1anza0AOZdy69Im7hGFCNB7Y/NGjDlZGJ3GJJLtwNSb2vrzYrTYJRrRloVx7pl+bhUaTB8yiccPvFQ==",
      "dev": true,
      "engines": {
        "node": "> 0.1.90"
      }
    },
    "node_modules/pkginfo": {
      "version": "0.2.3",
      "resolved": "https://registry.npmjs.org/pkginfo/-/pkginfo-0.2.3.tgz",
      "integrity": "sha512-7W7wTrE/NsY8xv/DTGjwNIyNah81EQH0MWcTzrHL6pOpMocOGZc0Mbdz9aXxSrp+U0mSmkU8jrNCDCfUs3sOBg==",
      "engines": {
        "node": ">= 0.4.0"
      }
    },
    "node_modules/vows": {
      "version": "0.6.4",
      "resolved": "https://registry.npmjs.org/vows/-/vows-0.6.4.tgz",
      "integrity": "sha512-CnnxhTuz08RHlAEagUSH6806IMxlOvYK5Nz5CyRGaqk9m2qVsP/0vtNBtU9rUS0TTrx3JYmPtHwIELaf+91t0Q==",
      "dev": true,
      "dependencies": {
        "diff": "~1.0.3",
        "eyes": ">=0.1.6"
      },
      "bin": {
        "vows": "bin/vows"
      }
    }
  },
  "dependencies": {
    "diff": {
      "version": "1.0.8",
      "resolved": "https://registry.npmjs.org/diff/-/diff-1.0.8.tgz",
      "integrity": "sha512-1zEb73vemXFpUmfh3fsta4YHz3lwebxXvaWmPbFv9apujQBWDnkrPDLXLQs1gZo4RCWMDsT89r0Pf/z8/02TGA==",
      "dev": true
    },
    "eyes": {
      "version": "0.1.8",
      "resolved": "https://registry.npmjs.org/eyes/-/eyes-0.1.8.tgz",
      "integrity": "sha512-GipyPsXO1anza0AOZdy69Im7hGFCNB7Y/NGjDlZGJ3GJJLtwNSb2vrzYrTYJRrRloVx7pl+bhUaTB8yiccPvFQ==",
      "dev": true
    },
    "pkginfo": {
      "version": "0.2.3",
      "resolved": "https://registry.npmjs.org/pkginfo/-/pkginfo-0.2.3.tgz",
      "integrity": "sha512-7W7wTrE/NsY8xv/DTGjwNIyNah81EQH0MWcTzrHL6pOpMocOGZc0Mbdz9aXxSrp+U0mSmkU8jrNCDCfUs3sOBg=="
    },
    "vows": {
      "version": "0.6.4",
      "resolved": "https://registry.npmjs.org/vows/-/vows-0.6.4.tgz",
      "integrity": "sha512-CnnxhTuz08RHlAEagUSH6806IMxlOvYK5Nz5CyRGaqk9m2qVsP/0vtNBtU9rUS0TTrx3JYmPtHwIELaf+91t0Q==",
      "dev": true,
      "requires": {
        "diff": "~1.0.3",
        "eyes": ">=0.1.6"
      }
    }
  }
}
